
Microsoft Visual Studio Solution File, Format Version 12.00
# Visual Studio Version 16
VisualStudioVersion = 16.0.31321.278
MinimumVisualStudioVersion = 10.0.40219.1
Project("{FAE04EC0-301F-11D3-BF4B-00C04F79EFBC}") = "ConsoleApp25", "ConsoleApp25.csproj", "{CFA7F86D-0F6F-40FB-BEB8-42AB6F390DCF}"
EndProject
Global
	GlobalSection(SolutionConfigurationPlatforms) = preSolution
		Debug|Any CPU = Debug|Any CPU
		Release|Any CPU = Release|Any CPU
	EndGlobalSection
	GlobalSection(ProjectConfigurationPlatforms) = postSolution
		{CFA7F86D-0F6F-40FB-BEB8-42AB6F390DCF}.Debug|Any CPU.ActiveCfg = Debug|Any CPU
		{CFA7F86D-0F6F-40FB-BEB8-42AB6F390DCF}.Debug|Any CPU.Build.0 = Debug|Any CPU
		{CFA7F86D-0F6F-40FB-BEB8-42AB6F390DCF}.Release|Any CPU.ActiveCfg = Release|Any CPU
		{CFA7F86D-0F6F-40FB-BEB8-42AB6F390DCF}.Release|Any CPU.Build.0 = Release|Any CPU
	EndGlobalSection
	GlobalSection(SolutionProperties) = preSolution
		HideSolutionNode = FALSE
	EndGlobalSection
	GlobalSection(ExtensibilityGlobals) = postSolution
		SolutionGuid = {784B3ECC-5911-4A17-AB3A-BAD27332D9C1}
	EndGlobalSection
EndGlobal
