
Microsoft Visual Studio Solution File, Format Version 12.00
# Visual Studio Version 16
VisualStudioVersion = 16.0.31321.278
MinimumVisualStudioVersion = 10.0.40219.1
Project("{FAE04EC0-301F-11D3-BF4B-00C04F79EFBC}") = "ConsoleApp9", "ConsoleApp9.csproj", "{D6186C53-3AD0-4F4E-9864-D5B80C994F18}"
EndProject
Global
	GlobalSection(SolutionConfigurationPlatforms) = preSolution
		Debug|Any CPU = Debug|Any CPU
		Release|Any CPU = Release|Any CPU
	EndGlobalSection
	GlobalSection(ProjectConfigurationPlatforms) = postSolution
		{D6186C53-3AD0-4F4E-9864-D5B80C994F18}.Debug|Any CPU.ActiveCfg = Debug|Any CPU
		{D6186C53-3AD0-4F4E-9864-D5B80C994F18}.Debug|Any CPU.Build.0 = Debug|Any CPU
		{D6186C53-3AD0-4F4E-9864-D5B80C994F18}.Release|Any CPU.ActiveCfg = Release|Any CPU
		{D6186C53-3AD0-4F4E-9864-D5B80C994F18}.Release|Any CPU.Build.0 = Release|Any CPU
	EndGlobalSection
	GlobalSection(SolutionProperties) = preSolution
		HideSolutionNode = FALSE
	EndGlobalSection
	GlobalSection(ExtensibilityGlobals) = postSolution
		SolutionGuid = {EE4F745E-2873-42B0-BB13-1A94C1A9D098}
	EndGlobalSection
EndGlobal
