
Microsoft Visual Studio Solution File, Format Version 12.00
# Visual Studio Version 16
VisualStudioVersion = 16.0.31321.278
MinimumVisualStudioVersion = 10.0.40219.1
Project("{FAE04EC0-301F-11D3-BF4B-00C04F79EFBC}") = "ConsoleApp4", "ConsoleApp4.csproj", "{FF266D67-96E1-44FD-9BB0-954D9A340E6A}"
EndProject
Global
	GlobalSection(SolutionConfigurationPlatforms) = preSolution
		Debug|Any CPU = Debug|Any CPU
		Release|Any CPU = Release|Any CPU
	EndGlobalSection
	GlobalSection(ProjectConfigurationPlatforms) = postSolution
		{FF266D67-96E1-44FD-9BB0-954D9A340E6A}.Debug|Any CPU.ActiveCfg = Debug|Any CPU
		{FF266D67-96E1-44FD-9BB0-954D9A340E6A}.Debug|Any CPU.Build.0 = Debug|Any CPU
		{FF266D67-96E1-44FD-9BB0-954D9A340E6A}.Release|Any CPU.ActiveCfg = Release|Any CPU
		{FF266D67-96E1-44FD-9BB0-954D9A340E6A}.Release|Any CPU.Build.0 = Release|Any CPU
	EndGlobalSection
	GlobalSection(SolutionProperties) = preSolution
		HideSolutionNode = FALSE
	EndGlobalSection
	GlobalSection(ExtensibilityGlobals) = postSolution
		SolutionGuid = {9580916B-8EC2-43FD-B6FA-886A1AA40131}
	EndGlobalSection
EndGlobal
