
Microsoft Visual Studio Solution File, Format Version 12.00
# Visual Studio Version 16
VisualStudioVersion = 16.0.31321.278
MinimumVisualStudioVersion = 10.0.40219.1
Project("{FAE04EC0-301F-11D3-BF4B-00C04F79EFBC}") = "Koleksiyonlar-Soru-1", "Koleksiyonlar-Soru-1.csproj", "{8F276DB2-57EA-4055-835A-D0DD34CB368C}"
EndProject
Global
	GlobalSection(SolutionConfigurationPlatforms) = preSolution
		Debug|Any CPU = Debug|Any CPU
		Release|Any CPU = Release|Any CPU
	EndGlobalSection
	GlobalSection(ProjectConfigurationPlatforms) = postSolution
		{8F276DB2-57EA-4055-835A-D0DD34CB368C}.Debug|Any CPU.ActiveCfg = Debug|Any CPU
		{8F276DB2-57EA-4055-835A-D0DD34CB368C}.Debug|Any CPU.Build.0 = Debug|Any CPU
		{8F276DB2-57EA-4055-835A-D0DD34CB368C}.Release|Any CPU.ActiveCfg = Release|Any CPU
		{8F276DB2-57EA-4055-835A-D0DD34CB368C}.Release|Any CPU.Build.0 = Release|Any CPU
	EndGlobalSection
	GlobalSection(SolutionProperties) = preSolution
		HideSolutionNode = FALSE
	EndGlobalSection
	GlobalSection(ExtensibilityGlobals) = postSolution
		SolutionGuid = {AB827840-14FD-494D-8E9D-E930A68B757B}
	EndGlobalSection
EndGlobal
