
Microsoft Visual Studio Solution File, Format Version 12.00
# Visual Studio Version 16
VisualStudioVersion = 16.0.31321.278
MinimumVisualStudioVersion = 10.0.40219.1
Project("{FAE04EC0-301F-11D3-BF4B-00C04F79EFBC}") = "ConsoleApp17", "ConsoleApp17.csproj", "{0AD7BD42-8922-42BB-B0F3-321B4D35558E}"
EndProject
Global
	GlobalSection(SolutionConfigurationPlatforms) = preSolution
		Debug|Any CPU = Debug|Any CPU
		Release|Any CPU = Release|Any CPU
	EndGlobalSection
	GlobalSection(ProjectConfigurationPlatforms) = postSolution
		{0AD7BD42-8922-42BB-B0F3-321B4D35558E}.Debug|Any CPU.ActiveCfg = Debug|Any CPU
		{0AD7BD42-8922-42BB-B0F3-321B4D35558E}.Debug|Any CPU.Build.0 = Debug|Any CPU
		{0AD7BD42-8922-42BB-B0F3-321B4D35558E}.Release|Any CPU.ActiveCfg = Release|Any CPU
		{0AD7BD42-8922-42BB-B0F3-321B4D35558E}.Release|Any CPU.Build.0 = Release|Any CPU
	EndGlobalSection
	GlobalSection(SolutionProperties) = preSolution
		HideSolutionNode = FALSE
	EndGlobalSection
	GlobalSection(ExtensibilityGlobals) = postSolution
		SolutionGuid = {182DF251-FF29-43FB-B436-F05DAE6BF89D}
	EndGlobalSection
EndGlobal
